
Microsoft Visual Studio Solution File, Format Version 12.00
# Visual Studio 14
VisualStudioVersion = 14.0.23107.0
MinimumVisualStudioVersion = 10.0.40219.1
Project("{FAE04EC0-301F-11D3-BF4B-00C04F79EFBC}") = "LolWorldFinalStats", "LolWorldFinalStats\LolWorldFinalStats.csproj", "{6C604396-1C8C-46CD-BC26-6325465E1339}"
EndProject
Project("{FAE04EC0-301F-11D3-BF4B-00C04F79EFBC}") = "LolWorldFinalStats.Tests", "LolWorldFinalStats.Tests\LolWorldFinalStats.Tests.csproj", "{F8BB0E80-F068-463A-A784-CDDC47591290}"
EndProject
Project("{2150E333-8FDC-42A3-9474-1A3956D46DE8}") = "Mobile", "Mobile", "{52053E88-3317-483E-9109-65F42350850D}"
EndProject
Project("{2150E333-8FDC-42A3-9474-1A3956D46DE8}") = "Web", "Web", "{815FFCEA-8112-4E29-8E22-F77F8427B3CE}"
EndProject
Project("{FAE04EC0-301F-11D3-BF4B-00C04F79EFBC}") = "LolWorldFinalStatWeb.Data", "LolWorldFinalStatWeb.Data\LolWorldFinalStatWeb.Data.csproj", "{28F3453B-162A-4B3A-A542-1035AA62B5E3}"
EndProject
Project("{FAE04EC0-301F-11D3-BF4B-00C04F79EFBC}") = "LolWorldFinalStatsMobile", "LolWorldFinalStatsMobile\LolWorldFinalStatsMobile\LolWorldFinalStatsMobile.csproj", "{784EFFEE-8F60-473F-B107-DC2FED2AF408}"
EndProject
Project("{FAE04EC0-301F-11D3-BF4B-00C04F79EFBC}") = "LolWorldFinalStatsMobile.iOS", "LolWorldFinalStatsMobile\LolWorldFinalStatsMobile.iOS\LolWorldFinalStatsMobile.iOS.csproj", "{28985310-0043-4553-B175-7C1EA189E6B1}"
EndProject
Project("{FAE04EC0-301F-11D3-BF4B-00C04F79EFBC}") = "LolWorldFinalStatsMobile.Droid", "LolWorldFinalStatsMobile\LolWorldFinalStatsMobile.Droid\LolWorldFinalStatsMobile.Droid.csproj", "{458B43FD-3B61-4678-B17B-32B108284795}"
EndProject
Project("{FAE04EC0-301F-11D3-BF4B-00C04F79EFBC}") = "LolWorldFinalStatsMobile.WinPhone", "LolWorldFinalStatsMobile\LolWorldFinalStatsMobile.WinPhone\LolWorldFinalStatsMobile.WinPhone.csproj", "{7E8F53CB-920B-4ECD-AAE0-097C1AFCEF57}"
EndProject
Project("{FAE04EC0-301F-11D3-BF4B-00C04F79EFBC}") = "LolWorldFinalStats.Configuration", "LolWorldFinalStats.Configuration\LolWorldFinalStats.Configuration.csproj", "{8E36450A-C61A-40E6-ABDB-3D37C7DC1C28}"
EndProject
Project("{FAE04EC0-301F-11D3-BF4B-00C04F79EFBC}") = "LolWorldFinalStats.Services", "LolWorldFinalStats.Services\LolWorldFinalStats.Services.csproj", "{5063B4FC-715A-4DDA-8442-9D4F81FFB53B}"
EndProject
Project("{FAE04EC0-301F-11D3-BF4B-00C04F79EFBC}") = "LolWorldFinalStats.Models", "LolWorldFinalStats.Mobile\LolWorldFinalStats.Models.csproj", "{FD9BD2D0-D636-4C37-9A38-0B1358627C90}"
EndProject
Project("{FAE04EC0-301F-11D3-BF4B-00C04F79EFBC}") = "LolWorldFinalStats.Validation", "LolWorldFinalStats.Validation\LolWorldFinalStats.Validation.csproj", "{7EFB8611-1D49-4ED5-B595-8547854FD5AF}"
EndProject
Global
	GlobalSection(SolutionConfigurationPlatforms) = preSolution
		Ad-Hoc|Any CPU = Ad-Hoc|Any CPU
		Ad-Hoc|ARM = Ad-Hoc|ARM
		Ad-Hoc|iPhone = Ad-Hoc|iPhone
		Ad-Hoc|iPhoneSimulator = Ad-Hoc|iPhoneSimulator
		Ad-Hoc|x86 = Ad-Hoc|x86
		AppStore|Any CPU = AppStore|Any CPU
		AppStore|ARM = AppStore|ARM
		AppStore|iPhone = AppStore|iPhone
		AppStore|iPhoneSimulator = AppStore|iPhoneSimulator
		AppStore|x86 = AppStore|x86
		Debug|Any CPU = Debug|Any CPU
		Debug|ARM = Debug|ARM
		Debug|iPhone = Debug|iPhone
		Debug|iPhoneSimulator = Debug|iPhoneSimulator
		Debug|x86 = Debug|x86
		Release|Any CPU = Release|Any CPU
		Release|ARM = Release|ARM
		Release|iPhone = Release|iPhone
		Release|iPhoneSimulator = Release|iPhoneSimulator
		Release|x86 = Release|x86
	EndGlobalSection
	GlobalSection(ProjectConfigurationPlatforms) = postSolution
		{6C604396-1C8C-46CD-BC26-6325465E1339}.Ad-Hoc|Any CPU.ActiveCfg = Release|Any CPU
		{6C604396-1C8C-46CD-BC26-6325465E1339}.Ad-Hoc|Any CPU.Build.0 = Release|Any CPU
		{6C604396-1C8C-46CD-BC26-6325465E1339}.Ad-Hoc|ARM.ActiveCfg = Release|Any CPU
		{6C604396-1C8C-46CD-BC26-6325465E1339}.Ad-Hoc|ARM.Build.0 = Release|Any CPU
		{6C604396-1C8C-46CD-BC26-6325465E1339}.Ad-Hoc|iPhone.ActiveCfg = Release|Any CPU
		{6C604396-1C8C-46CD-BC26-6325465E1339}.Ad-Hoc|iPhone.Build.0 = Release|Any CPU
		{6C604396-1C8C-46CD-BC26-6325465E1339}.Ad-Hoc|iPhoneSimulator.ActiveCfg = Release|Any CPU
		{6C604396-1C8C-46CD-BC26-6325465E1339}.Ad-Hoc|iPhoneSimulator.Build.0 = Release|Any CPU
		{6C604396-1C8C-46CD-BC26-6325465E1339}.Ad-Hoc|x86.ActiveCfg = Release|Any CPU
		{6C604396-1C8C-46CD-BC26-6325465E1339}.Ad-Hoc|x86.Build.0 = Release|Any CPU
		{6C604396-1C8C-46CD-BC26-6325465E1339}.AppStore|Any CPU.ActiveCfg = Release|Any CPU
		{6C604396-1C8C-46CD-BC26-6325465E1339}.AppStore|Any CPU.Build.0 = Release|Any CPU
		{6C604396-1C8C-46CD-BC26-6325465E1339}.AppStore|ARM.ActiveCfg = Release|Any CPU
		{6C604396-1C8C-46CD-BC26-6325465E1339}.AppStore|ARM.Build.0 = Release|Any CPU
		{6C604396-1C8C-46CD-BC26-6325465E1339}.AppStore|iPhone.ActiveCfg = Release|Any CPU
		{6C604396-1C8C-46CD-BC26-6325465E1339}.AppStore|iPhone.Build.0 = Release|Any CPU
		{6C604396-1C8C-46CD-BC26-6325465E1339}.AppStore|iPhoneSimulator.ActiveCfg = Release|Any CPU
		{6C604396-1C8C-46CD-BC26-6325465E1339}.AppStore|iPhoneSimulator.Build.0 = Release|Any CPU
		{6C604396-1C8C-46CD-BC26-6325465E1339}.AppStore|x86.ActiveCfg = Release|Any CPU
		{6C604396-1C8C-46CD-BC26-6325465E1339}.AppStore|x86.Build.0 = Release|Any CPU
		{6C604396-1C8C-46CD-BC26-6325465E1339}.Debug|Any CPU.ActiveCfg = Debug|Any CPU
		{6C604396-1C8C-46CD-BC26-6325465E1339}.Debug|Any CPU.Build.0 = Debug|Any CPU
		{6C604396-1C8C-46CD-BC26-6325465E1339}.Debug|ARM.ActiveCfg = Debug|Any CPU
		{6C604396-1C8C-46CD-BC26-6325465E1339}.Debug|ARM.Build.0 = Debug|Any CPU
		{6C604396-1C8C-46CD-BC26-6325465E1339}.Debug|iPhone.ActiveCfg = Debug|Any CPU
		{6C604396-1C8C-46CD-BC26-6325465E1339}.Debug|iPhone.Build.0 = Debug|Any CPU
		{6C604396-1C8C-46CD-BC26-6325465E1339}.Debug|iPhoneSimulator.ActiveCfg = Debug|Any CPU
		{6C604396-1C8C-46CD-BC26-6325465E1339}.Debug|iPhoneSimulator.Build.0 = Debug|Any CPU
		{6C604396-1C8C-46CD-BC26-6325465E1339}.Debug|x86.ActiveCfg = Debug|Any CPU
		{6C604396-1C8C-46CD-BC26-6325465E1339}.Debug|x86.Build.0 = Debug|Any CPU
		{6C604396-1C8C-46CD-BC26-6325465E1339}.Release|Any CPU.ActiveCfg = Release|Any CPU
		{6C604396-1C8C-46CD-BC26-6325465E1339}.Release|Any CPU.Build.0 = Release|Any CPU
		{6C604396-1C8C-46CD-BC26-6325465E1339}.Release|ARM.ActiveCfg = Release|Any CPU
		{6C604396-1C8C-46CD-BC26-6325465E1339}.Release|ARM.Build.0 = Release|Any CPU
		{6C604396-1C8C-46CD-BC26-6325465E1339}.Release|iPhone.ActiveCfg = Release|Any CPU
		{6C604396-1C8C-46CD-BC26-6325465E1339}.Release|iPhone.Build.0 = Release|Any CPU
		{6C604396-1C8C-46CD-BC26-6325465E1339}.Release|iPhoneSimulator.ActiveCfg = Release|Any CPU
		{6C604396-1C8C-46CD-BC26-6325465E1339}.Release|iPhoneSimulator.Build.0 = Release|Any CPU
		{6C604396-1C8C-46CD-BC26-6325465E1339}.Release|x86.ActiveCfg = Release|Any CPU
		{6C604396-1C8C-46CD-BC26-6325465E1339}.Release|x86.Build.0 = Release|Any CPU
		{F8BB0E80-F068-463A-A784-CDDC47591290}.Ad-Hoc|Any CPU.ActiveCfg = Release|Any CPU
		{F8BB0E80-F068-463A-A784-CDDC47591290}.Ad-Hoc|Any CPU.Build.0 = Release|Any CPU
		{F8BB0E80-F068-463A-A784-CDDC47591290}.Ad-Hoc|ARM.ActiveCfg = Release|Any CPU
		{F8BB0E80-F068-463A-A784-CDDC47591290}.Ad-Hoc|ARM.Build.0 = Release|Any CPU
		{F8BB0E80-F068-463A-A784-CDDC47591290}.Ad-Hoc|iPhone.ActiveCfg = Release|Any CPU
		{F8BB0E80-F068-463A-A784-CDDC47591290}.Ad-Hoc|iPhone.Build.0 = Release|Any CPU
		{F8BB0E80-F068-463A-A784-CDDC47591290}.Ad-Hoc|iPhoneSimulator.ActiveCfg = Release|Any CPU
		{F8BB0E80-F068-463A-A784-CDDC47591290}.Ad-Hoc|iPhoneSimulator.Build.0 = Release|Any CPU
		{F8BB0E80-F068-463A-A784-CDDC47591290}.Ad-Hoc|x86.ActiveCfg = Release|Any CPU
		{F8BB0E80-F068-463A-A784-CDDC47591290}.Ad-Hoc|x86.Build.0 = Release|Any CPU
		{F8BB0E80-F068-463A-A784-CDDC47591290}.AppStore|Any CPU.ActiveCfg = Release|Any CPU
		{F8BB0E80-F068-463A-A784-CDDC47591290}.AppStore|Any CPU.Build.0 = Release|Any CPU
		{F8BB0E80-F068-463A-A784-CDDC47591290}.AppStore|ARM.ActiveCfg = Release|Any CPU
		{F8BB0E80-F068-463A-A784-CDDC47591290}.AppStore|ARM.Build.0 = Release|Any CPU
		{F8BB0E80-F068-463A-A784-CDDC47591290}.AppStore|iPhone.ActiveCfg = Release|Any CPU
		{F8BB0E80-F068-463A-A784-CDDC47591290}.AppStore|iPhone.Build.0 = Release|Any CPU
		{F8BB0E80-F068-463A-A784-CDDC47591290}.AppStore|iPhoneSimulator.ActiveCfg = Release|Any CPU
		{F8BB0E80-F068-463A-A784-CDDC47591290}.AppStore|iPhoneSimulator.Build.0 = Release|Any CPU
		{F8BB0E80-F068-463A-A784-CDDC47591290}.AppStore|x86.ActiveCfg = Release|Any CPU
		{F8BB0E80-F068-463A-A784-CDDC47591290}.AppStore|x86.Build.0 = Release|Any CPU
		{F8BB0E80-F068-463A-A784-CDDC47591290}.Debug|Any CPU.ActiveCfg = Debug|Any CPU
		{F8BB0E80-F068-463A-A784-CDDC47591290}.Debug|Any CPU.Build.0 = Debug|Any CPU
		{F8BB0E80-F068-463A-A784-CDDC47591290}.Debug|ARM.ActiveCfg = Debug|Any CPU
		{F8BB0E80-F068-463A-A784-CDDC47591290}.Debug|ARM.Build.0 = Debug|Any CPU
		{F8BB0E80-F068-463A-A784-CDDC47591290}.Debug|iPhone.ActiveCfg = Debug|Any CPU
		{F8BB0E80-F068-463A-A784-CDDC47591290}.Debug|iPhone.Build.0 = Debug|Any CPU
		{F8BB0E80-F068-463A-A784-CDDC47591290}.Debug|iPhoneSimulator.ActiveCfg = Debug|Any CPU
		{F8BB0E80-F068-463A-A784-CDDC47591290}.Debug|iPhoneSimulator.Build.0 = Debug|Any CPU
		{F8BB0E80-F068-463A-A784-CDDC47591290}.Debug|x86.ActiveCfg = Debug|Any CPU
		{F8BB0E80-F068-463A-A784-CDDC47591290}.Debug|x86.Build.0 = Debug|Any CPU
		{F8BB0E80-F068-463A-A784-CDDC47591290}.Release|Any CPU.ActiveCfg = Release|Any CPU
		{F8BB0E80-F068-463A-A784-CDDC47591290}.Release|Any CPU.Build.0 = Release|Any CPU
		{F8BB0E80-F068-463A-A784-CDDC47591290}.Release|ARM.ActiveCfg = Release|Any CPU
		{F8BB0E80-F068-463A-A784-CDDC47591290}.Release|ARM.Build.0 = Release|Any CPU
		{F8BB0E80-F068-463A-A784-CDDC47591290}.Release|iPhone.ActiveCfg = Release|Any CPU
		{F8BB0E80-F068-463A-A784-CDDC47591290}.Release|iPhone.Build.0 = Release|Any CPU
		{F8BB0E80-F068-463A-A784-CDDC47591290}.Release|iPhoneSimulator.ActiveCfg = Release|Any CPU
		{F8BB0E80-F068-463A-A784-CDDC47591290}.Release|iPhoneSimulator.Build.0 = Release|Any CPU
		{F8BB0E80-F068-463A-A784-CDDC47591290}.Release|x86.ActiveCfg = Release|Any CPU
		{F8BB0E80-F068-463A-A784-CDDC47591290}.Release|x86.Build.0 = Release|Any CPU
		{28F3453B-162A-4B3A-A542-1035AA62B5E3}.Ad-Hoc|Any CPU.ActiveCfg = Release|Any CPU
		{28F3453B-162A-4B3A-A542-1035AA62B5E3}.Ad-Hoc|Any CPU.Build.0 = Release|Any CPU
		{28F3453B-162A-4B3A-A542-1035AA62B5E3}.Ad-Hoc|ARM.ActiveCfg = Release|Any CPU
		{28F3453B-162A-4B3A-A542-1035AA62B5E3}.Ad-Hoc|ARM.Build.0 = Release|Any CPU
		{28F3453B-162A-4B3A-A542-1035AA62B5E3}.Ad-Hoc|iPhone.ActiveCfg = Release|Any CPU
		{28F3453B-162A-4B3A-A542-1035AA62B5E3}.Ad-Hoc|iPhone.Build.0 = Release|Any CPU
		{28F3453B-162A-4B3A-A542-1035AA62B5E3}.Ad-Hoc|iPhoneSimulator.ActiveCfg = Release|Any CPU
		{28F3453B-162A-4B3A-A542-1035AA62B5E3}.Ad-Hoc|iPhoneSimulator.Build.0 = Release|Any CPU
		{28F3453B-162A-4B3A-A542-1035AA62B5E3}.Ad-Hoc|x86.ActiveCfg = Release|Any CPU
		{28F3453B-162A-4B3A-A542-1035AA62B5E3}.Ad-Hoc|x86.Build.0 = Release|Any CPU
		{28F3453B-162A-4B3A-A542-1035AA62B5E3}.AppStore|Any CPU.ActiveCfg = Release|Any CPU
		{28F3453B-162A-4B3A-A542-1035AA62B5E3}.AppStore|Any CPU.Build.0 = Release|Any CPU
		{28F3453B-162A-4B3A-A542-1035AA62B5E3}.AppStore|ARM.ActiveCfg = Release|Any CPU
		{28F3453B-162A-4B3A-A542-1035AA62B5E3}.AppStore|ARM.Build.0 = Release|Any CPU
		{28F3453B-162A-4B3A-A542-1035AA62B5E3}.AppStore|iPhone.ActiveCfg = Release|Any CPU
		{28F3453B-162A-4B3A-A542-1035AA62B5E3}.AppStore|iPhone.Build.0 = Release|Any CPU
		{28F3453B-162A-4B3A-A542-1035AA62B5E3}.AppStore|iPhoneSimulator.ActiveCfg = Release|Any CPU
		{28F3453B-162A-4B3A-A542-1035AA62B5E3}.AppStore|iPhoneSimulator.Build.0 = Release|Any CPU
		{28F3453B-162A-4B3A-A542-1035AA62B5E3}.AppStore|x86.ActiveCfg = Release|Any CPU
		{28F3453B-162A-4B3A-A542-1035AA62B5E3}.AppStore|x86.Build.0 = Release|Any CPU
		{28F3453B-162A-4B3A-A542-1035AA62B5E3}.Debug|Any CPU.ActiveCfg = Debug|Any CPU
		{28F3453B-162A-4B3A-A542-1035AA62B5E3}.Debug|Any CPU.Build.0 = Debug|Any CPU
		{28F3453B-162A-4B3A-A542-1035AA62B5E3}.Debug|ARM.ActiveCfg = Debug|Any CPU
		{28F3453B-162A-4B3A-A542-1035AA62B5E3}.Debug|ARM.Build.0 = Debug|Any CPU
		{28F3453B-162A-4B3A-A542-1035AA62B5E3}.Debug|iPhone.ActiveCfg = Debug|Any CPU
		{28F3453B-162A-4B3A-A542-1035AA62B5E3}.Debug|iPhone.Build.0 = Debug|Any CPU
		{28F3453B-162A-4B3A-A542-1035AA62B5E3}.Debug|iPhoneSimulator.ActiveCfg = Debug|Any CPU
		{28F3453B-162A-4B3A-A542-1035AA62B5E3}.Debug|iPhoneSimulator.Build.0 = Debug|Any CPU
		{28F3453B-162A-4B3A-A542-1035AA62B5E3}.Debug|x86.ActiveCfg = Debug|Any CPU
		{28F3453B-162A-4B3A-A542-1035AA62B5E3}.Debug|x86.Build.0 = Debug|Any CPU
		{28F3453B-162A-4B3A-A542-1035AA62B5E3}.Release|Any CPU.ActiveCfg = Release|Any CPU
		{28F3453B-162A-4B3A-A542-1035AA62B5E3}.Release|Any CPU.Build.0 = Release|Any CPU
		{28F3453B-162A-4B3A-A542-1035AA62B5E3}.Release|ARM.ActiveCfg = Release|Any CPU
		{28F3453B-162A-4B3A-A542-1035AA62B5E3}.Release|ARM.Build.0 = Release|Any CPU
		{28F3453B-162A-4B3A-A542-1035AA62B5E3}.Release|iPhone.ActiveCfg = Release|Any CPU
		{28F3453B-162A-4B3A-A542-1035AA62B5E3}.Release|iPhone.Build.0 = Release|Any CPU
		{28F3453B-162A-4B3A-A542-1035AA62B5E3}.Release|iPhoneSimulator.ActiveCfg = Release|Any CPU
		{28F3453B-162A-4B3A-A542-1035AA62B5E3}.Release|iPhoneSimulator.Build.0 = Release|Any CPU
		{28F3453B-162A-4B3A-A542-1035AA62B5E3}.Release|x86.ActiveCfg = Release|Any CPU
		{28F3453B-162A-4B3A-A542-1035AA62B5E3}.Release|x86.Build.0 = Release|Any CPU
		{784EFFEE-8F60-473F-B107-DC2FED2AF408}.Ad-Hoc|Any CPU.ActiveCfg = Release|Any CPU
		{784EFFEE-8F60-473F-B107-DC2FED2AF408}.Ad-Hoc|Any CPU.Build.0 = Release|Any CPU
		{784EFFEE-8F60-473F-B107-DC2FED2AF408}.Ad-Hoc|ARM.ActiveCfg = Release|Any CPU
		{784EFFEE-8F60-473F-B107-DC2FED2AF408}.Ad-Hoc|ARM.Build.0 = Release|Any CPU
		{784EFFEE-8F60-473F-B107-DC2FED2AF408}.Ad-Hoc|iPhone.ActiveCfg = Release|Any CPU
		{784EFFEE-8F60-473F-B107-DC2FED2AF408}.Ad-Hoc|iPhone.Build.0 = Release|Any CPU
		{784EFFEE-8F60-473F-B107-DC2FED2AF408}.Ad-Hoc|iPhoneSimulator.ActiveCfg = Release|Any CPU
		{784EFFEE-8F60-473F-B107-DC2FED2AF408}.Ad-Hoc|iPhoneSimulator.Build.0 = Release|Any CPU
		{784EFFEE-8F60-473F-B107-DC2FED2AF408}.Ad-Hoc|x86.ActiveCfg = Release|Any CPU
		{784EFFEE-8F60-473F-B107-DC2FED2AF408}.Ad-Hoc|x86.Build.0 = Release|Any CPU
		{784EFFEE-8F60-473F-B107-DC2FED2AF408}.AppStore|Any CPU.ActiveCfg = Release|Any CPU
		{784EFFEE-8F60-473F-B107-DC2FED2AF408}.AppStore|Any CPU.Build.0 = Release|Any CPU
		{784EFFEE-8F60-473F-B107-DC2FED2AF408}.AppStore|ARM.ActiveCfg = Release|Any CPU
		{784EFFEE-8F60-473F-B107-DC2FED2AF408}.AppStore|ARM.Build.0 = Release|Any CPU
		{784EFFEE-8F60-473F-B107-DC2FED2AF408}.AppStore|iPhone.ActiveCfg = Release|Any CPU
		{784EFFEE-8F60-473F-B107-DC2FED2AF408}.AppStore|iPhone.Build.0 = Release|Any CPU
		{784EFFEE-8F60-473F-B107-DC2FED2AF408}.AppStore|iPhoneSimulator.ActiveCfg = Release|Any CPU
		{784EFFEE-8F60-473F-B107-DC2FED2AF408}.AppStore|iPhoneSimulator.Build.0 = Release|Any CPU
		{784EFFEE-8F60-473F-B107-DC2FED2AF408}.AppStore|x86.ActiveCfg = Release|Any CPU
		{784EFFEE-8F60-473F-B107-DC2FED2AF408}.AppStore|x86.Build.0 = Release|Any CPU
		{784EFFEE-8F60-473F-B107-DC2FED2AF408}.Debug|Any CPU.ActiveCfg = Debug|Any CPU
		{784EFFEE-8F60-473F-B107-DC2FED2AF408}.Debug|Any CPU.Build.0 = Debug|Any CPU
		{784EFFEE-8F60-473F-B107-DC2FED2AF408}.Debug|ARM.ActiveCfg = Debug|Any CPU
		{784EFFEE-8F60-473F-B107-DC2FED2AF408}.Debug|ARM.Build.0 = Debug|Any CPU
		{784EFFEE-8F60-473F-B107-DC2FED2AF408}.Debug|iPhone.ActiveCfg = Debug|Any CPU
		{784EFFEE-8F60-473F-B107-DC2FED2AF408}.Debug|iPhone.Build.0 = Debug|Any CPU
		{784EFFEE-8F60-473F-B107-DC2FED2AF408}.Debug|iPhoneSimulator.ActiveCfg = Debug|Any CPU
		{784EFFEE-8F60-473F-B107-DC2FED2AF408}.Debug|iPhoneSimulator.Build.0 = Debug|Any CPU
		{784EFFEE-8F60-473F-B107-DC2FED2AF408}.Debug|x86.ActiveCfg = Debug|Any CPU
		{784EFFEE-8F60-473F-B107-DC2FED2AF408}.Debug|x86.Build.0 = Debug|Any CPU
		{784EFFEE-8F60-473F-B107-DC2FED2AF408}.Release|Any CPU.ActiveCfg = Release|Any CPU
		{784EFFEE-8F60-473F-B107-DC2FED2AF408}.Release|Any CPU.Build.0 = Release|Any CPU
		{784EFFEE-8F60-473F-B107-DC2FED2AF408}.Release|ARM.ActiveCfg = Release|Any CPU
		{784EFFEE-8F60-473F-B107-DC2FED2AF408}.Release|ARM.Build.0 = Release|Any CPU
		{784EFFEE-8F60-473F-B107-DC2FED2AF408}.Release|iPhone.ActiveCfg = Release|Any CPU
		{784EFFEE-8F60-473F-B107-DC2FED2AF408}.Release|iPhone.Build.0 = Release|Any CPU
		{784EFFEE-8F60-473F-B107-DC2FED2AF408}.Release|iPhoneSimulator.ActiveCfg = Release|Any CPU
		{784EFFEE-8F60-473F-B107-DC2FED2AF408}.Release|iPhoneSimulator.Build.0 = Release|Any CPU
		{784EFFEE-8F60-473F-B107-DC2FED2AF408}.Release|x86.ActiveCfg = Release|Any CPU
		{784EFFEE-8F60-473F-B107-DC2FED2AF408}.Release|x86.Build.0 = Release|Any CPU
		{28985310-0043-4553-B175-7C1EA189E6B1}.Ad-Hoc|Any CPU.ActiveCfg = Ad-Hoc|iPhone
		{28985310-0043-4553-B175-7C1EA189E6B1}.Ad-Hoc|ARM.ActiveCfg = Ad-Hoc|iPhone
		{28985310-0043-4553-B175-7C1EA189E6B1}.Ad-Hoc|iPhone.ActiveCfg = Ad-Hoc|iPhone
		{28985310-0043-4553-B175-7C1EA189E6B1}.Ad-Hoc|iPhone.Build.0 = Ad-Hoc|iPhone
		{28985310-0043-4553-B175-7C1EA189E6B1}.Ad-Hoc|iPhoneSimulator.ActiveCfg = Ad-Hoc|iPhoneSimulator
		{28985310-0043-4553-B175-7C1EA189E6B1}.Ad-Hoc|iPhoneSimulator.Build.0 = Ad-Hoc|iPhoneSimulator
		{28985310-0043-4553-B175-7C1EA189E6B1}.Ad-Hoc|x86.ActiveCfg = Ad-Hoc|iPhone
		{28985310-0043-4553-B175-7C1EA189E6B1}.AppStore|Any CPU.ActiveCfg = AppStore|iPhone
		{28985310-0043-4553-B175-7C1EA189E6B1}.AppStore|ARM.ActiveCfg = AppStore|iPhone
		{28985310-0043-4553-B175-7C1EA189E6B1}.AppStore|iPhone.ActiveCfg = AppStore|iPhone
		{28985310-0043-4553-B175-7C1EA189E6B1}.AppStore|iPhone.Build.0 = AppStore|iPhone
		{28985310-0043-4553-B175-7C1EA189E6B1}.AppStore|iPhoneSimulator.ActiveCfg = AppStore|iPhoneSimulator
		{28985310-0043-4553-B175-7C1EA189E6B1}.AppStore|iPhoneSimulator.Build.0 = AppStore|iPhoneSimulator
		{28985310-0043-4553-B175-7C1EA189E6B1}.AppStore|x86.ActiveCfg = AppStore|iPhone
		{28985310-0043-4553-B175-7C1EA189E6B1}.Debug|Any CPU.ActiveCfg = Debug|iPhone
		{28985310-0043-4553-B175-7C1EA189E6B1}.Debug|ARM.ActiveCfg = Debug|iPhone
		{28985310-0043-4553-B175-7C1EA189E6B1}.Debug|iPhone.ActiveCfg = Debug|iPhone
		{28985310-0043-4553-B175-7C1EA189E6B1}.Debug|iPhone.Build.0 = Debug|iPhone
		{28985310-0043-4553-B175-7C1EA189E6B1}.Debug|iPhoneSimulator.ActiveCfg = Debug|iPhoneSimulator
		{28985310-0043-4553-B175-7C1EA189E6B1}.Debug|iPhoneSimulator.Build.0 = Debug|iPhoneSimulator
		{28985310-0043-4553-B175-7C1EA189E6B1}.Debug|x86.ActiveCfg = Debug|iPhone
		{28985310-0043-4553-B175-7C1EA189E6B1}.Release|Any CPU.ActiveCfg = Release|iPhone
		{28985310-0043-4553-B175-7C1EA189E6B1}.Release|ARM.ActiveCfg = Release|iPhone
		{28985310-0043-4553-B175-7C1EA189E6B1}.Release|iPhone.ActiveCfg = Release|iPhone
		{28985310-0043-4553-B175-7C1EA189E6B1}.Release|iPhone.Build.0 = Release|iPhone
		{28985310-0043-4553-B175-7C1EA189E6B1}.Release|iPhoneSimulator.ActiveCfg = Release|iPhoneSimulator
		{28985310-0043-4553-B175-7C1EA189E6B1}.Release|iPhoneSimulator.Build.0 = Release|iPhoneSimulator
		{28985310-0043-4553-B175-7C1EA189E6B1}.Release|x86.ActiveCfg = Release|iPhone
		{458B43FD-3B61-4678-B17B-32B108284795}.Ad-Hoc|Any CPU.ActiveCfg = Release|Any CPU
		{458B43FD-3B61-4678-B17B-32B108284795}.Ad-Hoc|Any CPU.Build.0 = Release|Any CPU
		{458B43FD-3B61-4678-B17B-32B108284795}.Ad-Hoc|Any CPU.Deploy.0 = Release|Any CPU
		{458B43FD-3B61-4678-B17B-32B108284795}.Ad-Hoc|ARM.ActiveCfg = Release|Any CPU
		{458B43FD-3B61-4678-B17B-32B108284795}.Ad-Hoc|ARM.Build.0 = Release|Any CPU
		{458B43FD-3B61-4678-B17B-32B108284795}.Ad-Hoc|ARM.Deploy.0 = Release|Any CPU
		{458B43FD-3B61-4678-B17B-32B108284795}.Ad-Hoc|iPhone.ActiveCfg = Release|Any CPU
		{458B43FD-3B61-4678-B17B-32B108284795}.Ad-Hoc|iPhone.Build.0 = Release|Any CPU
		{458B43FD-3B61-4678-B17B-32B108284795}.Ad-Hoc|iPhone.Deploy.0 = Release|Any CPU
		{458B43FD-3B61-4678-B17B-32B108284795}.Ad-Hoc|iPhoneSimulator.ActiveCfg = Release|Any CPU
		{458B43FD-3B61-4678-B17B-32B108284795}.Ad-Hoc|iPhoneSimulator.Build.0 = Release|Any CPU
		{458B43FD-3B61-4678-B17B-32B108284795}.Ad-Hoc|iPhoneSimulator.Deploy.0 = Release|Any CPU
		{458B43FD-3B61-4678-B17B-32B108284795}.Ad-Hoc|x86.ActiveCfg = Release|Any CPU
		{458B43FD-3B61-4678-B17B-32B108284795}.Ad-Hoc|x86.Build.0 = Release|Any CPU
		{458B43FD-3B61-4678-B17B-32B108284795}.Ad-Hoc|x86.Deploy.0 = Release|Any CPU
		{458B43FD-3B61-4678-B17B-32B108284795}.AppStore|Any CPU.ActiveCfg = Release|Any CPU
		{458B43FD-3B61-4678-B17B-32B108284795}.AppStore|Any CPU.Build.0 = Release|Any CPU
		{458B43FD-3B61-4678-B17B-32B108284795}.AppStore|Any CPU.Deploy.0 = Release|Any CPU
		{458B43FD-3B61-4678-B17B-32B108284795}.AppStore|ARM.ActiveCfg = Release|Any CPU
		{458B43FD-3B61-4678-B17B-32B108284795}.AppStore|ARM.Build.0 = Release|Any CPU
		{458B43FD-3B61-4678-B17B-32B108284795}.AppStore|ARM.Deploy.0 = Release|Any CPU
		{458B43FD-3B61-4678-B17B-32B108284795}.AppStore|iPhone.ActiveCfg = Release|Any CPU
		{458B43FD-3B61-4678-B17B-32B108284795}.AppStore|iPhone.Build.0 = Release|Any CPU
		{458B43FD-3B61-4678-B17B-32B108284795}.AppStore|iPhone.Deploy.0 = Release|Any CPU
		{458B43FD-3B61-4678-B17B-32B108284795}.AppStore|iPhoneSimulator.ActiveCfg = Release|Any CPU
		{458B43FD-3B61-4678-B17B-32B108284795}.AppStore|iPhoneSimulator.Build.0 = Release|Any CPU
		{458B43FD-3B61-4678-B17B-32B108284795}.AppStore|iPhoneSimulator.Deploy.0 = Release|Any CPU
		{458B43FD-3B61-4678-B17B-32B108284795}.AppStore|x86.ActiveCfg = Release|Any CPU
		{458B43FD-3B61-4678-B17B-32B108284795}.AppStore|x86.Build.0 = Release|Any CPU
		{458B43FD-3B61-4678-B17B-32B108284795}.AppStore|x86.Deploy.0 = Release|Any CPU
		{458B43FD-3B61-4678-B17B-32B108284795}.Debug|Any CPU.ActiveCfg = Debug|Any CPU
		{458B43FD-3B61-4678-B17B-32B108284795}.Debug|Any CPU.Build.0 = Debug|Any CPU
		{458B43FD-3B61-4678-B17B-32B108284795}.Debug|Any CPU.Deploy.0 = Debug|Any CPU
		{458B43FD-3B61-4678-B17B-32B108284795}.Debug|ARM.ActiveCfg = Debug|Any CPU
		{458B43FD-3B61-4678-B17B-32B108284795}.Debug|ARM.Build.0 = Debug|Any CPU
		{458B43FD-3B61-4678-B17B-32B108284795}.Debug|ARM.Deploy.0 = Debug|Any CPU
		{458B43FD-3B61-4678-B17B-32B108284795}.Debug|iPhone.ActiveCfg = Debug|Any CPU
		{458B43FD-3B61-4678-B17B-32B108284795}.Debug|iPhone.Build.0 = Debug|Any CPU
		{458B43FD-3B61-4678-B17B-32B108284795}.Debug|iPhone.Deploy.0 = Debug|Any CPU
		{458B43FD-3B61-4678-B17B-32B108284795}.Debug|iPhoneSimulator.ActiveCfg = Debug|Any CPU
		{458B43FD-3B61-4678-B17B-32B108284795}.Debug|iPhoneSimulator.Build.0 = Debug|Any CPU
		{458B43FD-3B61-4678-B17B-32B108284795}.Debug|iPhoneSimulator.Deploy.0 = Debug|Any CPU
		{458B43FD-3B61-4678-B17B-32B108284795}.Debug|x86.ActiveCfg = Debug|Any CPU
		{458B43FD-3B61-4678-B17B-32B108284795}.Debug|x86.Build.0 = Debug|Any CPU
		{458B43FD-3B61-4678-B17B-32B108284795}.Debug|x86.Deploy.0 = Debug|Any CPU
		{458B43FD-3B61-4678-B17B-32B108284795}.Release|Any CPU.ActiveCfg = Release|Any CPU
		{458B43FD-3B61-4678-B17B-32B108284795}.Release|Any CPU.Build.0 = Release|Any CPU
		{458B43FD-3B61-4678-B17B-32B108284795}.Release|Any CPU.Deploy.0 = Release|Any CPU
		{458B43FD-3B61-4678-B17B-32B108284795}.Release|ARM.ActiveCfg = Release|Any CPU
		{458B43FD-3B61-4678-B17B-32B108284795}.Release|ARM.Build.0 = Release|Any CPU
		{458B43FD-3B61-4678-B17B-32B108284795}.Release|ARM.Deploy.0 = Release|Any CPU
		{458B43FD-3B61-4678-B17B-32B108284795}.Release|iPhone.ActiveCfg = Release|Any CPU
		{458B43FD-3B61-4678-B17B-32B108284795}.Release|iPhone.Build.0 = Release|Any CPU
		{458B43FD-3B61-4678-B17B-32B108284795}.Release|iPhone.Deploy.0 = Release|Any CPU
		{458B43FD-3B61-4678-B17B-32B108284795}.Release|iPhoneSimulator.ActiveCfg = Release|Any CPU
		{458B43FD-3B61-4678-B17B-32B108284795}.Release|iPhoneSimulator.Build.0 = Release|Any CPU
		{458B43FD-3B61-4678-B17B-32B108284795}.Release|iPhoneSimulator.Deploy.0 = Release|Any CPU
		{458B43FD-3B61-4678-B17B-32B108284795}.Release|x86.ActiveCfg = Release|Any CPU
		{458B43FD-3B61-4678-B17B-32B108284795}.Release|x86.Build.0 = Release|Any CPU
		{458B43FD-3B61-4678-B17B-32B108284795}.Release|x86.Deploy.0 = Release|Any CPU
		{7E8F53CB-920B-4ECD-AAE0-097C1AFCEF57}.Ad-Hoc|Any CPU.ActiveCfg = Release|Any CPU
		{7E8F53CB-920B-4ECD-AAE0-097C1AFCEF57}.Ad-Hoc|Any CPU.Build.0 = Release|Any CPU
		{7E8F53CB-920B-4ECD-AAE0-097C1AFCEF57}.Ad-Hoc|Any CPU.Deploy.0 = Release|Any CPU
		{7E8F53CB-920B-4ECD-AAE0-097C1AFCEF57}.Ad-Hoc|ARM.ActiveCfg = Release|ARM
		{7E8F53CB-920B-4ECD-AAE0-097C1AFCEF57}.Ad-Hoc|ARM.Build.0 = Release|ARM
		{7E8F53CB-920B-4ECD-AAE0-097C1AFCEF57}.Ad-Hoc|ARM.Deploy.0 = Release|ARM
		{7E8F53CB-920B-4ECD-AAE0-097C1AFCEF57}.Ad-Hoc|iPhone.ActiveCfg = Release|Any CPU
		{7E8F53CB-920B-4ECD-AAE0-097C1AFCEF57}.Ad-Hoc|iPhone.Build.0 = Release|Any CPU
		{7E8F53CB-920B-4ECD-AAE0-097C1AFCEF57}.Ad-Hoc|iPhone.Deploy.0 = Release|Any CPU
		{7E8F53CB-920B-4ECD-AAE0-097C1AFCEF57}.Ad-Hoc|iPhoneSimulator.ActiveCfg = Release|Any CPU
		{7E8F53CB-920B-4ECD-AAE0-097C1AFCEF57}.Ad-Hoc|iPhoneSimulator.Build.0 = Release|Any CPU
		{7E8F53CB-920B-4ECD-AAE0-097C1AFCEF57}.Ad-Hoc|iPhoneSimulator.Deploy.0 = Release|Any CPU
		{7E8F53CB-920B-4ECD-AAE0-097C1AFCEF57}.Ad-Hoc|x86.ActiveCfg = Release|x86
		{7E8F53CB-920B-4ECD-AAE0-097C1AFCEF57}.Ad-Hoc|x86.Build.0 = Release|x86
		{7E8F53CB-920B-4ECD-AAE0-097C1AFCEF57}.Ad-Hoc|x86.Deploy.0 = Release|x86
		{7E8F53CB-920B-4ECD-AAE0-097C1AFCEF57}.AppStore|Any CPU.ActiveCfg = Release|Any CPU
		{7E8F53CB-920B-4ECD-AAE0-097C1AFCEF57}.AppStore|Any CPU.Build.0 = Release|Any CPU
		{7E8F53CB-920B-4ECD-AAE0-097C1AFCEF57}.AppStore|Any CPU.Deploy.0 = Release|Any CPU
		{7E8F53CB-920B-4ECD-AAE0-097C1AFCEF57}.AppStore|ARM.ActiveCfg = Release|ARM
		{7E8F53CB-920B-4ECD-AAE0-097C1AFCEF57}.AppStore|ARM.Build.0 = Release|ARM
		{7E8F53CB-920B-4ECD-AAE0-097C1AFCEF57}.AppStore|ARM.Deploy.0 = Release|ARM
		{7E8F53CB-920B-4ECD-AAE0-097C1AFCEF57}.AppStore|iPhone.ActiveCfg = Release|Any CPU
		{7E8F53CB-920B-4ECD-AAE0-097C1AFCEF57}.AppStore|iPhone.Build.0 = Release|Any CPU
		{7E8F53CB-920B-4ECD-AAE0-097C1AFCEF57}.AppStore|iPhone.Deploy.0 = Release|Any CPU
		{7E8F53CB-920B-4ECD-AAE0-097C1AFCEF57}.AppStore|iPhoneSimulator.ActiveCfg = Release|Any CPU
		{7E8F53CB-920B-4ECD-AAE0-097C1AFCEF57}.AppStore|iPhoneSimulator.Build.0 = Release|Any CPU
		{7E8F53CB-920B-4ECD-AAE0-097C1AFCEF57}.AppStore|iPhoneSimulator.Deploy.0 = Release|Any CPU
		{7E8F53CB-920B-4ECD-AAE0-097C1AFCEF57}.AppStore|x86.ActiveCfg = Release|x86
		{7E8F53CB-920B-4ECD-AAE0-097C1AFCEF57}.AppStore|x86.Build.0 = Release|x86
		{7E8F53CB-920B-4ECD-AAE0-097C1AFCEF57}.AppStore|x86.Deploy.0 = Release|x86
		{7E8F53CB-920B-4ECD-AAE0-097C1AFCEF57}.Debug|Any CPU.ActiveCfg = Debug|Any CPU
		{7E8F53CB-920B-4ECD-AAE0-097C1AFCEF57}.Debug|Any CPU.Build.0 = Debug|Any CPU
		{7E8F53CB-920B-4ECD-AAE0-097C1AFCEF57}.Debug|Any CPU.Deploy.0 = Debug|Any CPU
		{7E8F53CB-920B-4ECD-AAE0-097C1AFCEF57}.Debug|ARM.ActiveCfg = Debug|ARM
		{7E8F53CB-920B-4ECD-AAE0-097C1AFCEF57}.Debug|ARM.Build.0 = Debug|ARM
		{7E8F53CB-920B-4ECD-AAE0-097C1AFCEF57}.Debug|ARM.Deploy.0 = Debug|ARM
		{7E8F53CB-920B-4ECD-AAE0-097C1AFCEF57}.Debug|iPhone.ActiveCfg = Debug|Any CPU
		{7E8F53CB-920B-4ECD-AAE0-097C1AFCEF57}.Debug|iPhone.Build.0 = Debug|Any CPU
		{7E8F53CB-920B-4ECD-AAE0-097C1AFCEF57}.Debug|iPhone.Deploy.0 = Debug|Any CPU
		{7E8F53CB-920B-4ECD-AAE0-097C1AFCEF57}.Debug|iPhoneSimulator.ActiveCfg = Debug|Any CPU
		{7E8F53CB-920B-4ECD-AAE0-097C1AFCEF57}.Debug|iPhoneSimulator.Build.0 = Debug|Any CPU
		{7E8F53CB-920B-4ECD-AAE0-097C1AFCEF57}.Debug|iPhoneSimulator.Deploy.0 = Debug|Any CPU
		{7E8F53CB-920B-4ECD-AAE0-097C1AFCEF57}.Debug|x86.ActiveCfg = Debug|x86
		{7E8F53CB-920B-4ECD-AAE0-097C1AFCEF57}.Debug|x86.Build.0 = Debug|x86
		{7E8F53CB-920B-4ECD-AAE0-097C1AFCEF57}.Debug|x86.Deploy.0 = Debug|x86
		{7E8F53CB-920B-4ECD-AAE0-097C1AFCEF57}.Release|Any CPU.ActiveCfg = Release|Any CPU
		{7E8F53CB-920B-4ECD-AAE0-097C1AFCEF57}.Release|Any CPU.Build.0 = Release|Any CPU
		{7E8F53CB-920B-4ECD-AAE0-097C1AFCEF57}.Release|Any CPU.Deploy.0 = Release|Any CPU
		{7E8F53CB-920B-4ECD-AAE0-097C1AFCEF57}.Release|ARM.ActiveCfg = Release|ARM
		{7E8F53CB-920B-4ECD-AAE0-097C1AFCEF57}.Release|ARM.Build.0 = Release|ARM
		{7E8F53CB-920B-4ECD-AAE0-097C1AFCEF57}.Release|ARM.Deploy.0 = Release|ARM
		{7E8F53CB-920B-4ECD-AAE0-097C1AFCEF57}.Release|iPhone.ActiveCfg = Release|Any CPU
		{7E8F53CB-920B-4ECD-AAE0-097C1AFCEF57}.Release|iPhone.Build.0 = Release|Any CPU
		{7E8F53CB-920B-4ECD-AAE0-097C1AFCEF57}.Release|iPhone.Deploy.0 = Release|Any CPU
		{7E8F53CB-920B-4ECD-AAE0-097C1AFCEF57}.Release|iPhoneSimulator.ActiveCfg = Release|Any CPU
		{7E8F53CB-920B-4ECD-AAE0-097C1AFCEF57}.Release|iPhoneSimulator.Build.0 = Release|Any CPU
		{7E8F53CB-920B-4ECD-AAE0-097C1AFCEF57}.Release|iPhoneSimulator.Deploy.0 = Release|Any CPU
		{7E8F53CB-920B-4ECD-AAE0-097C1AFCEF57}.Release|x86.ActiveCfg = Release|x86
		{7E8F53CB-920B-4ECD-AAE0-097C1AFCEF57}.Release|x86.Build.0 = Release|x86
		{7E8F53CB-920B-4ECD-AAE0-097C1AFCEF57}.Release|x86.Deploy.0 = Release|x86
		{8E36450A-C61A-40E6-ABDB-3D37C7DC1C28}.Ad-Hoc|Any CPU.ActiveCfg = Release|Any CPU
		{8E36450A-C61A-40E6-ABDB-3D37C7DC1C28}.Ad-Hoc|Any CPU.Build.0 = Release|Any CPU
		{8E36450A-C61A-40E6-ABDB-3D37C7DC1C28}.Ad-Hoc|ARM.ActiveCfg = Release|Any CPU
		{8E36450A-C61A-40E6-ABDB-3D37C7DC1C28}.Ad-Hoc|ARM.Build.0 = Release|Any CPU
		{8E36450A-C61A-40E6-ABDB-3D37C7DC1C28}.Ad-Hoc|iPhone.ActiveCfg = Release|Any CPU
		{8E36450A-C61A-40E6-ABDB-3D37C7DC1C28}.Ad-Hoc|iPhone.Build.0 = Release|Any CPU
		{8E36450A-C61A-40E6-ABDB-3D37C7DC1C28}.Ad-Hoc|iPhoneSimulator.ActiveCfg = Release|Any CPU
		{8E36450A-C61A-40E6-ABDB-3D37C7DC1C28}.Ad-Hoc|iPhoneSimulator.Build.0 = Release|Any CPU
		{8E36450A-C61A-40E6-ABDB-3D37C7DC1C28}.Ad-Hoc|x86.ActiveCfg = Release|Any CPU
		{8E36450A-C61A-40E6-ABDB-3D37C7DC1C28}.Ad-Hoc|x86.Build.0 = Release|Any CPU
		{8E36450A-C61A-40E6-ABDB-3D37C7DC1C28}.AppStore|Any CPU.ActiveCfg = Release|Any CPU
		{8E36450A-C61A-40E6-ABDB-3D37C7DC1C28}.AppStore|Any CPU.Build.0 = Release|Any CPU
		{8E36450A-C61A-40E6-ABDB-3D37C7DC1C28}.AppStore|ARM.ActiveCfg = Release|Any CPU
		{8E36450A-C61A-40E6-ABDB-3D37C7DC1C28}.AppStore|ARM.Build.0 = Release|Any CPU
		{8E36450A-C61A-40E6-ABDB-3D37C7DC1C28}.AppStore|iPhone.ActiveCfg = Release|Any CPU
		{8E36450A-C61A-40E6-ABDB-3D37C7DC1C28}.AppStore|iPhone.Build.0 = Release|Any CPU
		{8E36450A-C61A-40E6-ABDB-3D37C7DC1C28}.AppStore|iPhoneSimulator.ActiveCfg = Release|Any CPU
		{8E36450A-C61A-40E6-ABDB-3D37C7DC1C28}.AppStore|iPhoneSimulator.Build.0 = Release|Any CPU
		{8E36450A-C61A-40E6-ABDB-3D37C7DC1C28}.AppStore|x86.ActiveCfg = Release|Any CPU
		{8E36450A-C61A-40E6-ABDB-3D37C7DC1C28}.AppStore|x86.Build.0 = Release|Any CPU
		{8E36450A-C61A-40E6-ABDB-3D37C7DC1C28}.Debug|Any CPU.ActiveCfg = Debug|Any CPU
		{8E36450A-C61A-40E6-ABDB-3D37C7DC1C28}.Debug|Any CPU.Build.0 = Debug|Any CPU
		{8E36450A-C61A-40E6-ABDB-3D37C7DC1C28}.Debug|ARM.ActiveCfg = Debug|Any CPU
		{8E36450A-C61A-40E6-ABDB-3D37C7DC1C28}.Debug|ARM.Build.0 = Debug|Any CPU
		{8E36450A-C61A-40E6-ABDB-3D37C7DC1C28}.Debug|iPhone.ActiveCfg = Debug|Any CPU
		{8E36450A-C61A-40E6-ABDB-3D37C7DC1C28}.Debug|iPhone.Build.0 = Debug|Any CPU
		{8E36450A-C61A-40E6-ABDB-3D37C7DC1C28}.Debug|iPhoneSimulator.ActiveCfg = Debug|Any CPU
		{8E36450A-C61A-40E6-ABDB-3D37C7DC1C28}.Debug|iPhoneSimulator.Build.0 = Debug|Any CPU
		{8E36450A-C61A-40E6-ABDB-3D37C7DC1C28}.Debug|x86.ActiveCfg = Debug|Any CPU
		{8E36450A-C61A-40E6-ABDB-3D37C7DC1C28}.Debug|x86.Build.0 = Debug|Any CPU
		{8E36450A-C61A-40E6-ABDB-3D37C7DC1C28}.Release|Any CPU.ActiveCfg = Release|Any CPU
		{8E36450A-C61A-40E6-ABDB-3D37C7DC1C28}.Release|Any CPU.Build.0 = Release|Any CPU
		{8E36450A-C61A-40E6-ABDB-3D37C7DC1C28}.Release|ARM.ActiveCfg = Release|Any CPU
		{8E36450A-C61A-40E6-ABDB-3D37C7DC1C28}.Release|ARM.Build.0 = Release|Any CPU
		{8E36450A-C61A-40E6-ABDB-3D37C7DC1C28}.Release|iPhone.ActiveCfg = Release|Any CPU
		{8E36450A-C61A-40E6-ABDB-3D37C7DC1C28}.Release|iPhone.Build.0 = Release|Any CPU
		{8E36450A-C61A-40E6-ABDB-3D37C7DC1C28}.Release|iPhoneSimulator.ActiveCfg = Release|Any CPU
		{8E36450A-C61A-40E6-ABDB-3D37C7DC1C28}.Release|iPhoneSimulator.Build.0 = Release|Any CPU
		{8E36450A-C61A-40E6-ABDB-3D37C7DC1C28}.Release|x86.ActiveCfg = Release|Any CPU
		{8E36450A-C61A-40E6-ABDB-3D37C7DC1C28}.Release|x86.Build.0 = Release|Any CPU
		{5063B4FC-715A-4DDA-8442-9D4F81FFB53B}.Ad-Hoc|Any CPU.ActiveCfg = Release|Any CPU
		{5063B4FC-715A-4DDA-8442-9D4F81FFB53B}.Ad-Hoc|Any CPU.Build.0 = Release|Any CPU
		{5063B4FC-715A-4DDA-8442-9D4F81FFB53B}.Ad-Hoc|ARM.ActiveCfg = Release|Any CPU
		{5063B4FC-715A-4DDA-8442-9D4F81FFB53B}.Ad-Hoc|ARM.Build.0 = Release|Any CPU
		{5063B4FC-715A-4DDA-8442-9D4F81FFB53B}.Ad-Hoc|iPhone.ActiveCfg = Release|Any CPU
		{5063B4FC-715A-4DDA-8442-9D4F81FFB53B}.Ad-Hoc|iPhone.Build.0 = Release|Any CPU
		{5063B4FC-715A-4DDA-8442-9D4F81FFB53B}.Ad-Hoc|iPhoneSimulator.ActiveCfg = Release|Any CPU
		{5063B4FC-715A-4DDA-8442-9D4F81FFB53B}.Ad-Hoc|iPhoneSimulator.Build.0 = Release|Any CPU
		{5063B4FC-715A-4DDA-8442-9D4F81FFB53B}.Ad-Hoc|x86.ActiveCfg = Release|Any CPU
		{5063B4FC-715A-4DDA-8442-9D4F81FFB53B}.Ad-Hoc|x86.Build.0 = Release|Any CPU
		{5063B4FC-715A-4DDA-8442-9D4F81FFB53B}.AppStore|Any CPU.ActiveCfg = Release|Any CPU
		{5063B4FC-715A-4DDA-8442-9D4F81FFB53B}.AppStore|Any CPU.Build.0 = Release|Any CPU
		{5063B4FC-715A-4DDA-8442-9D4F81FFB53B}.AppStore|ARM.ActiveCfg = Release|Any CPU
		{5063B4FC-715A-4DDA-8442-9D4F81FFB53B}.AppStore|ARM.Build.0 = Release|Any CPU
		{5063B4FC-715A-4DDA-8442-9D4F81FFB53B}.AppStore|iPhone.ActiveCfg = Release|Any CPU
		{5063B4FC-715A-4DDA-8442-9D4F81FFB53B}.AppStore|iPhone.Build.0 = Release|Any CPU
		{5063B4FC-715A-4DDA-8442-9D4F81FFB53B}.AppStore|iPhoneSimulator.ActiveCfg = Release|Any CPU
		{5063B4FC-715A-4DDA-8442-9D4F81FFB53B}.AppStore|iPhoneSimulator.Build.0 = Release|Any CPU
		{5063B4FC-715A-4DDA-8442-9D4F81FFB53B}.AppStore|x86.ActiveCfg = Release|Any CPU
		{5063B4FC-715A-4DDA-8442-9D4F81FFB53B}.AppStore|x86.Build.0 = Release|Any CPU
		{5063B4FC-715A-4DDA-8442-9D4F81FFB53B}.Debug|Any CPU.ActiveCfg = Debug|Any CPU
		{5063B4FC-715A-4DDA-8442-9D4F81FFB53B}.Debug|Any CPU.Build.0 = Debug|Any CPU
		{5063B4FC-715A-4DDA-8442-9D4F81FFB53B}.Debug|ARM.ActiveCfg = Debug|Any CPU
		{5063B4FC-715A-4DDA-8442-9D4F81FFB53B}.Debug|ARM.Build.0 = Debug|Any CPU
		{5063B4FC-715A-4DDA-8442-9D4F81FFB53B}.Debug|iPhone.ActiveCfg = Debug|Any CPU
		{5063B4FC-715A-4DDA-8442-9D4F81FFB53B}.Debug|iPhone.Build.0 = Debug|Any CPU
		{5063B4FC-715A-4DDA-8442-9D4F81FFB53B}.Debug|iPhoneSimulator.ActiveCfg = Debug|Any CPU
		{5063B4FC-715A-4DDA-8442-9D4F81FFB53B}.Debug|iPhoneSimulator.Build.0 = Debug|Any CPU
		{5063B4FC-715A-4DDA-8442-9D4F81FFB53B}.Debug|x86.ActiveCfg = Debug|Any CPU
		{5063B4FC-715A-4DDA-8442-9D4F81FFB53B}.Debug|x86.Build.0 = Debug|Any CPU
		{5063B4FC-715A-4DDA-8442-9D4F81FFB53B}.Release|Any CPU.ActiveCfg = Release|Any CPU
		{5063B4FC-715A-4DDA-8442-9D4F81FFB53B}.Release|Any CPU.Build.0 = Release|Any CPU
		{5063B4FC-715A-4DDA-8442-9D4F81FFB53B}.Release|ARM.ActiveCfg = Release|Any CPU
		{5063B4FC-715A-4DDA-8442-9D4F81FFB53B}.Release|ARM.Build.0 = Release|Any CPU
		{5063B4FC-715A-4DDA-8442-9D4F81FFB53B}.Release|iPhone.ActiveCfg = Release|Any CPU
		{5063B4FC-715A-4DDA-8442-9D4F81FFB53B}.Release|iPhone.Build.0 = Release|Any CPU
		{5063B4FC-715A-4DDA-8442-9D4F81FFB53B}.Release|iPhoneSimulator.ActiveCfg = Release|Any CPU
		{5063B4FC-715A-4DDA-8442-9D4F81FFB53B}.Release|iPhoneSimulator.Build.0 = Release|Any CPU
		{5063B4FC-715A-4DDA-8442-9D4F81FFB53B}.Release|x86.ActiveCfg = Release|Any CPU
		{5063B4FC-715A-4DDA-8442-9D4F81FFB53B}.Release|x86.Build.0 = Release|Any CPU
		{FD9BD2D0-D636-4C37-9A38-0B1358627C90}.Ad-Hoc|Any CPU.ActiveCfg = Release|Any CPU
		{FD9BD2D0-D636-4C37-9A38-0B1358627C90}.Ad-Hoc|Any CPU.Build.0 = Release|Any CPU
		{FD9BD2D0-D636-4C37-9A38-0B1358627C90}.Ad-Hoc|ARM.ActiveCfg = Release|Any CPU
		{FD9BD2D0-D636-4C37-9A38-0B1358627C90}.Ad-Hoc|ARM.Build.0 = Release|Any CPU
		{FD9BD2D0-D636-4C37-9A38-0B1358627C90}.Ad-Hoc|iPhone.ActiveCfg = Release|Any CPU
		{FD9BD2D0-D636-4C37-9A38-0B1358627C90}.Ad-Hoc|iPhone.Build.0 = Release|Any CPU
		{FD9BD2D0-D636-4C37-9A38-0B1358627C90}.Ad-Hoc|iPhoneSimulator.ActiveCfg = Release|Any CPU
		{FD9BD2D0-D636-4C37-9A38-0B1358627C90}.Ad-Hoc|iPhoneSimulator.Build.0 = Release|Any CPU
		{FD9BD2D0-D636-4C37-9A38-0B1358627C90}.Ad-Hoc|x86.ActiveCfg = Release|Any CPU
		{FD9BD2D0-D636-4C37-9A38-0B1358627C90}.Ad-Hoc|x86.Build.0 = Release|Any CPU
		{FD9BD2D0-D636-4C37-9A38-0B1358627C90}.AppStore|Any CPU.ActiveCfg = Release|Any CPU
		{FD9BD2D0-D636-4C37-9A38-0B1358627C90}.AppStore|Any CPU.Build.0 = Release|Any CPU
		{FD9BD2D0-D636-4C37-9A38-0B1358627C90}.AppStore|ARM.ActiveCfg = Release|Any CPU
		{FD9BD2D0-D636-4C37-9A38-0B1358627C90}.AppStore|ARM.Build.0 = Release|Any CPU
		{FD9BD2D0-D636-4C37-9A38-0B1358627C90}.AppStore|iPhone.ActiveCfg = Release|Any CPU
		{FD9BD2D0-D636-4C37-9A38-0B1358627C90}.AppStore|iPhone.Build.0 = Release|Any CPU
		{FD9BD2D0-D636-4C37-9A38-0B1358627C90}.AppStore|iPhoneSimulator.ActiveCfg = Release|Any CPU
		{FD9BD2D0-D636-4C37-9A38-0B1358627C90}.AppStore|iPhoneSimulator.Build.0 = Release|Any CPU
		{FD9BD2D0-D636-4C37-9A38-0B1358627C90}.AppStore|x86.ActiveCfg = Release|Any CPU
		{FD9BD2D0-D636-4C37-9A38-0B1358627C90}.AppStore|x86.Build.0 = Release|Any CPU
		{FD9BD2D0-D636-4C37-9A38-0B1358627C90}.Debug|Any CPU.ActiveCfg = Debug|Any CPU
		{FD9BD2D0-D636-4C37-9A38-0B1358627C90}.Debug|Any CPU.Build.0 = Debug|Any CPU
		{FD9BD2D0-D636-4C37-9A38-0B1358627C90}.Debug|ARM.ActiveCfg = Debug|Any CPU
		{FD9BD2D0-D636-4C37-9A38-0B1358627C90}.Debug|ARM.Build.0 = Debug|Any CPU
		{FD9BD2D0-D636-4C37-9A38-0B1358627C90}.Debug|iPhone.ActiveCfg = Debug|Any CPU
		{FD9BD2D0-D636-4C37-9A38-0B1358627C90}.Debug|iPhone.Build.0 = Debug|Any CPU
		{FD9BD2D0-D636-4C37-9A38-0B1358627C90}.Debug|iPhoneSimulator.ActiveCfg = Debug|Any CPU
		{FD9BD2D0-D636-4C37-9A38-0B1358627C90}.Debug|iPhoneSimulator.Build.0 = Debug|Any CPU
		{FD9BD2D0-D636-4C37-9A38-0B1358627C90}.Debug|x86.ActiveCfg = Debug|Any CPU
		{FD9BD2D0-D636-4C37-9A38-0B1358627C90}.Debug|x86.Build.0 = Debug|Any CPU
		{FD9BD2D0-D636-4C37-9A38-0B1358627C90}.Release|Any CPU.ActiveCfg = Release|Any CPU
		{FD9BD2D0-D636-4C37-9A38-0B1358627C90}.Release|Any CPU.Build.0 = Release|Any CPU
		{FD9BD2D0-D636-4C37-9A38-0B1358627C90}.Release|ARM.ActiveCfg = Release|Any CPU
		{FD9BD2D0-D636-4C37-9A38-0B1358627C90}.Release|ARM.Build.0 = Release|Any CPU
		{FD9BD2D0-D636-4C37-9A38-0B1358627C90}.Release|iPhone.ActiveCfg = Release|Any CPU
		{FD9BD2D0-D636-4C37-9A38-0B1358627C90}.Release|iPhone.Build.0 = Release|Any CPU
		{FD9BD2D0-D636-4C37-9A38-0B1358627C90}.Release|iPhoneSimulator.ActiveCfg = Release|Any CPU
		{FD9BD2D0-D636-4C37-9A38-0B1358627C90}.Release|iPhoneSimulator.Build.0 = Release|Any CPU
		{FD9BD2D0-D636-4C37-9A38-0B1358627C90}.Release|x86.ActiveCfg = Release|Any CPU
		{FD9BD2D0-D636-4C37-9A38-0B1358627C90}.Release|x86.Build.0 = Release|Any CPU
		{7EFB8611-1D49-4ED5-B595-8547854FD5AF}.Ad-Hoc|Any CPU.ActiveCfg = Release|Any CPU
		{7EFB8611-1D49-4ED5-B595-8547854FD5AF}.Ad-Hoc|Any CPU.Build.0 = Release|Any CPU
		{7EFB8611-1D49-4ED5-B595-8547854FD5AF}.Ad-Hoc|ARM.ActiveCfg = Release|Any CPU
		{7EFB8611-1D49-4ED5-B595-8547854FD5AF}.Ad-Hoc|ARM.Build.0 = Release|Any CPU
		{7EFB8611-1D49-4ED5-B595-8547854FD5AF}.Ad-Hoc|iPhone.ActiveCfg = Release|Any CPU
		{7EFB8611-1D49-4ED5-B595-8547854FD5AF}.Ad-Hoc|iPhone.Build.0 = Release|Any CPU
		{7EFB8611-1D49-4ED5-B595-8547854FD5AF}.Ad-Hoc|iPhoneSimulator.ActiveCfg = Release|Any CPU
		{7EFB8611-1D49-4ED5-B595-8547854FD5AF}.Ad-Hoc|iPhoneSimulator.Build.0 = Release|Any CPU
		{7EFB8611-1D49-4ED5-B595-8547854FD5AF}.Ad-Hoc|x86.ActiveCfg = Release|Any CPU
		{7EFB8611-1D49-4ED5-B595-8547854FD5AF}.Ad-Hoc|x86.Build.0 = Release|Any CPU
		{7EFB8611-1D49-4ED5-B595-8547854FD5AF}.AppStore|Any CPU.ActiveCfg = Release|Any CPU
		{7EFB8611-1D49-4ED5-B595-8547854FD5AF}.AppStore|Any CPU.Build.0 = Release|Any CPU
		{7EFB8611-1D49-4ED5-B595-8547854FD5AF}.AppStore|ARM.ActiveCfg = Release|Any CPU
		{7EFB8611-1D49-4ED5-B595-8547854FD5AF}.AppStore|ARM.Build.0 = Release|Any CPU
		{7EFB8611-1D49-4ED5-B595-8547854FD5AF}.AppStore|iPhone.ActiveCfg = Release|Any CPU
		{7EFB8611-1D49-4ED5-B595-8547854FD5AF}.AppStore|iPhone.Build.0 = Release|Any CPU
		{7EFB8611-1D49-4ED5-B595-8547854FD5AF}.AppStore|iPhoneSimulator.ActiveCfg = Release|Any CPU
		{7EFB8611-1D49-4ED5-B595-8547854FD5AF}.AppStore|iPhoneSimulator.Build.0 = Release|Any CPU
		{7EFB8611-1D49-4ED5-B595-8547854FD5AF}.AppStore|x86.ActiveCfg = Release|Any CPU
		{7EFB8611-1D49-4ED5-B595-8547854FD5AF}.AppStore|x86.Build.0 = Release|Any CPU
		{7EFB8611-1D49-4ED5-B595-8547854FD5AF}.Debug|Any CPU.ActiveCfg = Debug|Any CPU
		{7EFB8611-1D49-4ED5-B595-8547854FD5AF}.Debug|Any CPU.Build.0 = Debug|Any CPU
		{7EFB8611-1D49-4ED5-B595-8547854FD5AF}.Debug|ARM.ActiveCfg = Debug|Any CPU
		{7EFB8611-1D49-4ED5-B595-8547854FD5AF}.Debug|ARM.Build.0 = Debug|Any CPU
		{7EFB8611-1D49-4ED5-B595-8547854FD5AF}.Debug|iPhone.ActiveCfg = Debug|Any CPU
		{7EFB8611-1D49-4ED5-B595-8547854FD5AF}.Debug|iPhone.Build.0 = Debug|Any CPU
		{7EFB8611-1D49-4ED5-B595-8547854FD5AF}.Debug|iPhoneSimulator.ActiveCfg = Debug|Any CPU
		{7EFB8611-1D49-4ED5-B595-8547854FD5AF}.Debug|iPhoneSimulator.Build.0 = Debug|Any CPU
		{7EFB8611-1D49-4ED5-B595-8547854FD5AF}.Debug|x86.ActiveCfg = Debug|Any CPU
		{7EFB8611-1D49-4ED5-B595-8547854FD5AF}.Debug|x86.Build.0 = Debug|Any CPU
		{7EFB8611-1D49-4ED5-B595-8547854FD5AF}.Release|Any CPU.ActiveCfg = Release|Any CPU
		{7EFB8611-1D49-4ED5-B595-8547854FD5AF}.Release|Any CPU.Build.0 = Release|Any CPU
		{7EFB8611-1D49-4ED5-B595-8547854FD5AF}.Release|ARM.ActiveCfg = Release|Any CPU
		{7EFB8611-1D49-4ED5-B595-8547854FD5AF}.Release|ARM.Build.0 = Release|Any CPU
		{7EFB8611-1D49-4ED5-B595-8547854FD5AF}.Release|iPhone.ActiveCfg = Release|Any CPU
		{7EFB8611-1D49-4ED5-B595-8547854FD5AF}.Release|iPhone.Build.0 = Release|Any CPU
		{7EFB8611-1D49-4ED5-B595-8547854FD5AF}.Release|iPhoneSimulator.ActiveCfg = Release|Any CPU
		{7EFB8611-1D49-4ED5-B595-8547854FD5AF}.Release|iPhoneSimulator.Build.0 = Release|Any CPU
		{7EFB8611-1D49-4ED5-B595-8547854FD5AF}.Release|x86.ActiveCfg = Release|Any CPU
		{7EFB8611-1D49-4ED5-B595-8547854FD5AF}.Release|x86.Build.0 = Release|Any CPU
	EndGlobalSection
	GlobalSection(SolutionProperties) = preSolution
		HideSolutionNode = FALSE
	EndGlobalSection
	GlobalSection(NestedProjects) = preSolution
		{6C604396-1C8C-46CD-BC26-6325465E1339} = {815FFCEA-8112-4E29-8E22-F77F8427B3CE}
		{28F3453B-162A-4B3A-A542-1035AA62B5E3} = {815FFCEA-8112-4E29-8E22-F77F8427B3CE}
		{784EFFEE-8F60-473F-B107-DC2FED2AF408} = {52053E88-3317-483E-9109-65F42350850D}
		{28985310-0043-4553-B175-7C1EA189E6B1} = {52053E88-3317-483E-9109-65F42350850D}
		{458B43FD-3B61-4678-B17B-32B108284795} = {52053E88-3317-483E-9109-65F42350850D}
		{7E8F53CB-920B-4ECD-AAE0-097C1AFCEF57} = {52053E88-3317-483E-9109-65F42350850D}
	EndGlobalSection
EndGlobal
